// !$*UTF8*$!
{
	archiveVersion = 1;
	classes = {
	};
	objectVersion = 56;
	objects = {

/* Begin PBXBuildFile section */
		6B9098312B82CD8D005E0023 /* RealityKitContent in Frameworks */ = {isa = PBXBuildFile; productRef = 6B9098302B82CD8D005E0023 /* RealityKitContent */; };
		6B9098332B82CD8D005E0023 /* hazedawnApp.swift in Sources */ = {isa = PBXBuildFile; fileRef = 6B9098322B82CD8D005E0023 /* hazedawnApp.swift */; };
		6B9098352B82CD8D005E0023 /* ContentView.swift in Sources */ = {isa = PBXBuildFile; fileRef = 6B9098342B82CD8D005E0023 /* ContentView.swift */; };
		6B9098372B82CD8D005E0023 /* ImmersiveView.swift in Sources */ = {isa = PBXBuildFile; fileRef = 6B9098362B82CD8D005E0023 /* ImmersiveView.swift */; };
		6B9098392B82CD8D005E0023 /* ImageBasedLighting.skybox in Resources */ = {isa = PBXBuildFile; fileRef = 6B9098382B82CD8D005E0023 /* ImageBasedLighting.skybox */; };
		6B90983B2B82CD8E005E0023 /* Assets.xcassets in Resources */ = {isa = PBXBuildFile; fileRef = 6B90983A2B82CD8E005E0023 /* Assets.xcassets */; };
		6B90983E2B82CD8E005E0023 /* Preview Assets.xcassets in Resources */ = {isa = PBXBuildFile; fileRef = 6B90983D2B82CD8E005E0023 /* Preview Assets.xcassets */; };
		6B9098492B82CD8E005E0023 /* hazedawnTests.swift in Sources */ = {isa = PBXBuildFile; fileRef = 6B9098482B82CD8E005E0023 /* hazedawnTests.swift */; };
/* End PBXBuildFile section */

/* Begin PBXContainerItemProxy section */
		6B9098452B82CD8E005E0023 /* PBXContainerItemProxy */ = {
			isa = PBXContainerItemProxy;
			containerPortal = 6B9098232B82CD8D005E0023 /* Project object */;
			proxyType = 1;
			remoteGlobalIDString = 6B90982A2B82CD8D005E0023;
			remoteInfo = hazedawn;
		};
/* End PBXContainerItemProxy section */

/* Begin PBXFileReference section */
		6B90982B2B82CD8D005E0023 /* hazedawn.app */ = {isa = PBXFileReference; explicitFileType = wrapper.application; includeInIndex = 0; path = hazedawn.app; sourceTree = BUILT_PRODUCTS_DIR; };
		6B90982F2B82CD8D005E0023 /* RealityKitContent */ = {isa = PBXFileReference; lastKnownFileType = wrapper; path = RealityKitContent; sourceTree = "<group>"; };
		6B9098322B82CD8D005E0023 /* hazedawnApp.swift */ = {isa = PBXFileReference; lastKnownFileType = sourcecode.swift; path = hazedawnApp.swift; sourceTree = "<group>"; };
		6B9098342B82CD8D005E0023 /* ContentView.swift */ = {isa = PBXFileReference; lastKnownFileType = sourcecode.swift; path = ContentView.swift; sourceTree = "<group>"; };
		6B9098362B82CD8D005E0023 /* ImmersiveView.swift */ = {isa = PBXFileReference; lastKnownFileType = sourcecode.swift; path = ImmersiveView.swift; sourceTree = "<group>"; };
		6B9098382B82CD8D005E0023 /* ImageBasedLighting.skybox */ = {isa = PBXFileReference; lastKnownFileType = file.skybox; path = ImageBasedLighting.skybox; sourceTree = "<group>"; };
		6B90983A2B82CD8E005E0023 /* Assets.xcassets */ = {isa = PBXFileReference; lastKnownFileType = folder.assetcatalog; path = Assets.xcassets; sourceTree = "<group>"; };
		6B90983D2B82CD8E005E0023 /* Preview Assets.xcassets */ = {isa = PBXFileReference; lastKnownFileType = folder.assetcatalog; path = "Preview Assets.xcassets"; sourceTree = "<group>"; };
		6B90983F2B82CD8E005E0023 /* Info.plist */ = {isa = PBXFileReference; lastKnownFileType = text.plist.xml; path = Info.plist; sourceTree = "<group>"; };
		6B9098442B82CD8E005E0023 /* hazedawnTests.xctest */ = {isa = PBXFileReference; explicitFileType = wrapper.cfbundle; includeInIndex = 0; path = hazedawnTests.xctest; sourceTree = BUILT_PRODUCTS_DIR; };
		6B9098482B82CD8E005E0023 /* hazedawnTests.swift */ = {isa = PBXFileReference; lastKnownFileType = sourcecode.swift; path = hazedawnTests.swift; sourceTree = "<group>"; };
/* End PBXFileReference section */

/* Begin PBXFrameworksBuildPhase section */
		6B9098282B82CD8D005E0023 /* Frameworks */ = {
			isa = PBXFrameworksBuildPhase;
			buildActionMask = 2147483647;
			files = (
				6B9098312B82CD8D005E0023 /* RealityKitContent in Frameworks */,
			);
			runOnlyForDeploymentPostprocessing = 0;
		};
		6B9098412B82CD8E005E0023 /* Frameworks */ = {
			isa = PBXFrameworksBuildPhase;
			buildActionMask = 2147483647;
			files = (
			);
			runOnlyForDeploymentPostprocessing = 0;
		};
/* End PBXFrameworksBuildPhase section */

/* Begin PBXGroup section */
		6B9098222B82CD8D005E0023 = {
			isa = PBXGroup;
			children = (
				6B90982D2B82CD8D005E0023 /* hazedawn */,
				6B90982E2B82CD8D005E0023 /* Packages */,
				6B9098472B82CD8E005E0023 /* hazedawnTests */,
				6B90982C2B82CD8D005E0023 /* Products */,
			);
			sourceTree = "<group>";
		};
		6B90982C2B82CD8D005E0023 /* Products */ = {
			isa = PBXGroup;
			children = (
				6B90982B2B82CD8D005E0023 /* hazedawn.app */,
				6B9098442B82CD8E005E0023 /* hazedawnTests.xctest */,
			);
			name = Products;
			sourceTree = "<group>";
		};
		6B90982D2B82CD8D005E0023 /* hazedawn */ = {
			isa = PBXGroup;
			children = (
				6B9098322B82CD8D005E0023 /* hazedawnApp.swift */,
				6B9098342B82CD8D005E0023 /* ContentView.swift */,
				6B9098362B82CD8D005E0023 /* ImmersiveView.swift */,
				6B9098382B82CD8D005E0023 /* ImageBasedLighting.skybox */,
				6B90983A2B82CD8E005E0023 /* Assets.xcassets */,
				6B90983F2B82CD8E005E0023 /* Info.plist */,
				6B90983C2B82CD8E005E0023 /* Preview Content */,
			);
			path = hazedawn;
			sourceTree = "<group>";
		};
		6B90982E2B82CD8D005E0023 /* Packages */ = {
			isa = PBXGroup;
			children = (
				6B90982F2B82CD8D005E0023 /* RealityKitContent */,
			);
			path = Packages;
			sourceTree = "<group>";
		};
		6B90983C2B82CD8E005E0023 /* Preview Content */ = {
			isa = PBXGroup;
			children = (
				6B90983D2B82CD8E005E0023 /* Preview Assets.xcassets */,
			);
			path = "Preview Content";
			sourceTree = "<group>";
		};
		6B9098472B82CD8E005E0023 /* hazedawnTests */ = {
			isa = PBXGroup;
			children = (
				6B9098482B82CD8E005E0023 /* hazedawnTests.swift */,
			);
			path = hazedawnTests;
			sourceTree = "<group>";
		};
/* End PBXGroup section */

/* Begin PBXNativeTarget section */
		6B90982A2B82CD8D005E0023 /* hazedawn */ = {
			isa = PBXNativeTarget;
			buildConfigurationList = 6B90984C2B82CD8E005E0023 /* Build configuration list for PBXNativeTarget "hazedawn" */;
			buildPhases = (
				6B9098272B82CD8D005E0023 /* Sources */,
				6B9098282B82CD8D005E0023 /* Frameworks */,
				6B9098292B82CD8D005E0023 /* Resources */,
			);
			buildRules = (
			);
			dependencies = (
			);
			name = hazedawn;
			packageProductDependencies = (
				6B9098302B82CD8D005E0023 /* RealityKitContent */,
			);
			productName = hazedawn;
			productReference = 6B90982B2B82CD8D005E0023 /* hazedawn.app */;
			productType = "com.apple.product-type.application";
		};
		6B9098432B82CD8E005E0023 /* hazedawnTests */ = {
			isa = PBXNativeTarget;
			buildConfigurationList = 6B90984F2B82CD8E005E0023 /* Build configuration list for PBXNativeTarget "hazedawnTests" */;
			buildPhases = (
				6B9098402B82CD8E005E0023 /* Sources */,
				6B9098412B82CD8E005E0023 /* Frameworks */,
				6B9098422B82CD8E005E0023 /* Resources */,
			);
			buildRules = (
			);
			dependencies = (
				6B9098462B82CD8E005E0023 /* PBXTargetDependency */,
			);
			name = hazedawnTests;
			productName = hazedawnTests;
			productReference = 6B9098442B82CD8E005E0023 /* hazedawnTests.xctest */;
			productType = "com.apple.product-type.bundle.unit-test";
		};
/* End PBXNativeTarget section */

/* Begin PBXProject section */
		6B9098232B82CD8D005E0023 /* Project object */ = {
			isa = PBXProject;
			attributes = {
				BuildIndependentTargetsInParallel = 1;
				LastSwiftUpdateCheck = 1520;
				LastUpgradeCheck = 1520;
				TargetAttributes = {
					6B90982A2B82CD8D005E0023 = {
						CreatedOnToolsVersion = 15.2;
					};
					6B9098432B82CD8E005E0023 = {
						CreatedOnToolsVersion = 15.2;
						TestTargetID = 6B90982A2B82CD8D005E0023;
					};
				};
			};
			buildConfigurationList = 6B9098262B82CD8D005E0023 /* Build configuration list for PBXProject "hazedawn" */;
			compatibilityVersion = "Xcode 14.0";
			developmentRegion = en;
			hasScannedForEncodings = 0;
			knownRegions = (
				en,
				Base,
			);
			mainGroup = 6B9098222B82CD8D005E0023;
			productRefGroup = 6B90982C2B82CD8D005E0023 /* Products */;
			projectDirPath = "";
			projectRoot = "";
			targets = (
				6B90982A2B82CD8D005E0023 /* hazedawn */,
				6B9098432B82CD8E005E0023 /* hazedawnTests */,
			);
		};
/* End PBXProject section */

/* Begin PBXResourcesBuildPhase section */
		6B9098292B82CD8D005E0023 /* Resources */ = {
			isa = PBXResourcesBuildPhase;
			buildActionMask = 2147483647;
			files = (
				6B90983B2B82CD8E005E0023 /* Assets.xcassets in Resources */,
				6B90983E2B82CD8E005E0023 /* Preview Assets.xcassets in Resources */,
				6B9098392B82CD8D005E0023 /* ImageBasedLighting.skybox in Resources */,
			);
			runOnlyForDeploymentPostprocessing = 0;
		};
		6B9098422B82CD8E005E0023 /* Resources */ = {
			isa = PBXResourcesBuildPhase;
			buildActionMask = 2147483647;
			files = (
			);
			runOnlyForDeploymentPostprocessing = 0;
		};
/* End PBXResourcesBuildPhase section */

/* Begin PBXSourcesBuildPhase section */
		6B9098272B82CD8D005E0023 /* Sources */ = {
			isa = PBXSourcesBuildPhase;
			buildActionMask = 2147483647;
			files = (
				6B9098352B82CD8D005E0023 /* ContentView.swift in Sources */,
				6B9098332B82CD8D005E0023 /* hazedawnApp.swift in Sources */,
				6B9098372B82CD8D005E0023 /* ImmersiveView.swift in Sources */,
			);
			runOnlyForDeploymentPostprocessing = 0;
		};
		6B9098402B82CD8E005E0023 /* Sources */ = {
			isa = PBXSourcesBuildPhase;
			buildActionMask = 2147483647;
			files = (
				6B9098492B82CD8E005E0023 /* hazedawnTests.swift in Sources */,
			);
			runOnlyForDeploymentPostprocessing = 0;
		};
/* End PBXSourcesBuildPhase section */

/* Begin PBXTargetDependency section */
		6B9098462B82CD8E005E0023 /* PBXTargetDependency */ = {
			isa = PBXTargetDependency;
			target = 6B90982A2B82CD8D005E0023 /* hazedawn */;
			targetProxy = 6B9098452B82CD8E005E0023 /* PBXContainerItemProxy */;
		};
/* End PBXTargetDependency section */

/* Begin XCBuildConfiguration section */
		6B90984A2B82CD8E005E0023 /* Debug */ = {
			isa = XCBuildConfiguration;
			buildSettings = {
				ALWAYS_SEARCH_USER_PATHS = NO;
				ASSETCATALOG_COMPILER_GENERATE_SWIFT_ASSET_SYMBOL_EXTENSIONS = YES;
				CLANG_ANALYZER_NONNULL = YES;
				CLANG_ANALYZER_NUMBER_OBJECT_CONVERSION = YES_AGGRESSIVE;
				CLANG_CXX_LANGUAGE_STANDARD = "gnu++20";
				CLANG_ENABLE_MODULES = YES;
				CLANG_ENABLE_OBJC_ARC = YES;
				CLANG_ENABLE_OBJC_WEAK = YES;
				CLANG_WARN_BLOCK_CAPTURE_AUTORELEASING = YES;
				CLANG_WARN_BOOL_CONVERSION = YES;
				CLANG_WARN_COMMA = YES;
				CLANG_WARN_CONSTANT_CONVERSION = YES;
				CLANG_WARN_DEPRECATED_OBJC_IMPLEMENTATIONS = YES;
				CLANG_WARN_DIRECT_OBJC_ISA_USAGE = YES_ERROR;
				CLANG_WARN_DOCUMENTATION_COMMENTS = YES;
				CLANG_WARN_EMPTY_BODY = YES;
				CLANG_WARN_ENUM_CONVERSION = YES;
				CLANG_WARN_INFINITE_RECURSION = YES;
				CLANG_WARN_INT_CONVERSION = YES;
				CLANG_WARN_NON_LITERAL_NULL_CONVERSION = YES;
				CLANG_WARN_OBJC_IMPLICIT_RETAIN_SELF = YES;
				CLANG_WARN_OBJC_LITERAL_CONVERSION = YES;
				CLANG_WARN_OBJC_ROOT_CLASS = YES_ERROR;
				CLANG_WARN_QUOTED_INCLUDE_IN_FRAMEWORK_HEADER = YES;
				CLANG_WARN_RANGE_LOOP_ANALYSIS = YES;
				CLANG_WARN_STRICT_PROTOTYPES = YES;
				CLANG_WARN_SUSPICIOUS_MOVE = YES;
				CLANG_WARN_UNGUARDED_AVAILABILITY = YES_AGGRESSIVE;
				CLANG_WARN_UNREACHABLE_CODE = YES;
				CLANG_WARN__DUPLICATE_METHOD_MATCH = YES;
				COPY_PHASE_STRIP = NO;
				DEBUG_INFORMATION_FORMAT = dwarf;
				ENABLE_STRICT_OBJC_MSGSEND = YES;
				ENABLE_TESTABILITY = YES;
				ENABLE_USER_SCRIPT_SANDBOXING = YES;
				GCC_C_LANGUAGE_STANDARD = gnu17;
				GCC_DYNAMIC_NO_PIC = NO;
				GCC_NO_COMMON_BLOCKS = YES;
				GCC_OPTIMIZATION_LEVEL = 0;
				GCC_PREPROCESSOR_DEFINITIONS = (
					"DEBUG=1",
					"$(inherited)",
				);
				GCC_WARN_64_TO_32_BIT_CONVERSION = YES;
				GCC_WARN_ABOUT_RETURN_TYPE = YES_ERROR;
				GCC_WARN_UNDECLARED_SELECTOR = YES;
				GCC_WARN_UNINITIALIZED_AUTOS = YES_AGGRESSIVE;
				GCC_WARN_UNUSED_FUNCTION = YES;
				GCC_WARN_UNUSED_VARIABLE = YES;
				LOCALIZATION_PREFERS_STRING_CATALOGS = YES;
				MTL_ENABLE_DEBUG_INFO = INCLUDE_SOURCE;
				MTL_FAST_MATH = YES;
				ONLY_ACTIVE_ARCH = YES;
				SDKROOT = xros;
				SWIFT_ACTIVE_COMPILATION_CONDITIONS = "DEBUG $(inherited)";
				SWIFT_OPTIMIZATION_LEVEL = "-Onone";
				XROS_DEPLOYMENT_TARGET = 1.0;
			};
			name = Debug;
		};
		6B90984B2B82CD8E005E0023 /* Release */ = {
			isa = XCBuildConfiguration;
			buildSettings = {
				ALWAYS_SEARCH_USER_PATHS = NO;
				ASSETCATALOG_COMPILER_GENERATE_SWIFT_ASSET_SYMBOL_EXTENSIONS = YES;
				CLANG_ANALYZER_NONNULL = YES;
				CLANG_ANALYZER_NUMBER_OBJECT_CONVERSION = YES_AGGRESSIVE;
				CLANG_CXX_LANGUAGE_STANDARD = "gnu++20";
				CLANG_ENABLE_MODULES = YES;
				CLANG_ENABLE_OBJC_ARC = YES;
				CLANG_ENABLE_OBJC_WEAK = YES;
				CLANG_WARN_BLOCK_CAPTURE_AUTORELEASING = YES;
				CLANG_WARN_BOOL_CONVERSION = YES;
				CLANG_WARN_COMMA = YES;
				CLANG_WARN_CONSTANT_CONVERSION = YES;
				CLANG_WARN_DEPRECATED_OBJC_IMPLEMENTATIONS = YES;
				CLANG_WARN_DIRECT_OBJC_ISA_USAGE = YES_ERROR;
				CLANG_WARN_DOCUMENTATION_COMMENTS = YES;
				CLANG_WARN_EMPTY_BODY = YES;
				CLANG_WARN_ENUM_CONVERSION = YES;
				CLANG_WARN_INFINITE_RECURSION = YES;
				CLANG_WARN_INT_CONVERSION = YES;
				CLANG_WARN_NON_LITERAL_NULL_CONVERSION = YES;
				CLANG_WARN_OBJC_IMPLICIT_RETAIN_SELF = YES;
				CLANG_WARN_OBJC_LITERAL_CONVERSION = YES;
				CLANG_WARN_OBJC_ROOT_CLASS = YES_ERROR;
				CLANG_WARN_QUOTED_INCLUDE_IN_FRAMEWORK_HEADER = YES;
				CLANG_WARN_RANGE_LOOP_ANALYSIS = YES;
				CLANG_WARN_STRICT_PROTOTYPES = YES;
				CLANG_WARN_SUSPICIOUS_MOVE = YES;
				CLANG_WARN_UNGUARDED_AVAILABILITY = YES_AGGRESSIVE;
				CLANG_WARN_UNREACHABLE_CODE = YES;
				CLANG_WARN__DUPLICATE_METHOD_MATCH = YES;
				COPY_PHASE_STRIP = NO;
				DEBUG_INFORMATION_FORMAT = "dwarf-with-dsym";
				ENABLE_NS_ASSERTIONS = NO;
				ENABLE_STRICT_OBJC_MSGSEND = YES;
				ENABLE_USER_SCRIPT_SANDBOXING = YES;
				GCC_C_LANGUAGE_STANDARD = gnu17;
				GCC_NO_COMMON_BLOCKS = YES;
				GCC_WARN_64_TO_32_BIT_CONVERSION = YES;
				GCC_WARN_ABOUT_RETURN_TYPE = YES_ERROR;
				GCC_WARN_UNDECLARED_SELECTOR = YES;
				GCC_WARN_UNINITIALIZED_AUTOS = YES_AGGRESSIVE;
				GCC_WARN_UNUSED_FUNCTION = YES;
				GCC_WARN_UNUSED_VARIABLE = YES;
				LOCALIZATION_PREFERS_STRING_CATALOGS = YES;
				MTL_ENABLE_DEBUG_INFO = NO;
				MTL_FAST_MATH = YES;
				SDKROOT = xros;
				SWIFT_COMPILATION_MODE = wholemodule;
				VALIDATE_PRODUCT = YES;
				XROS_DEPLOYMENT_TARGET = 1.0;
			};
			name = Release;
		};
		6B90984D2B82CD8E005E0023 /* Debug */ = {
			isa = XCBuildConfiguration;
			buildSettings = {
				ASSETCATALOG_COMPILER_APPICON_NAME = AppIcon;
				ASSETCATALOG_COMPILER_GLOBAL_ACCENT_COLOR_NAME = AccentColor;
				CODE_SIGN_STYLE = Automatic;
				CURRENT_PROJECT_VERSION = 1;
				DEVELOPMENT_ASSET_PATHS = "\"hazedawn/Preview Content\"";
				DEVELOPMENT_TEAM = USP5HVX3H2;
				ENABLE_PREVIEWS = YES;
				GENERATE_INFOPLIST_FILE = YES;
				INFOPLIST_FILE = "$(TARGET_NAME)/Info.plist";
				LD_RUNPATH_SEARCH_PATHS = (
					"$(inherited)",
					"@executable_path/Frameworks",
				);
				MARKETING_VERSION = 1.0;
				PRODUCT_BUNDLE_IDENTIFIER = hd.com.app.hazedawn;
				PRODUCT_NAME = "$(TARGET_NAME)";
				SUPPORTED_PLATFORMS = "xros xrsimulator";
				SWIFT_EMIT_LOC_STRINGS = YES;
				SWIFT_VERSION = 5.0;
				TARGETED_DEVICE_FAMILY = "1,2,7";
			};
			name = Debug;
		};
		6B90984E2B82CD8E005E0023 /* Release */ = {
			isa = XCBuildConfiguration;
			buildSettings = {
				ASSETCATALOG_COMPILER_APPICON_NAME = AppIcon;
				ASSETCATALOG_COMPILER_GLOBAL_ACCENT_COLOR_NAME = AccentColor;
				CODE_SIGN_STYLE = Automatic;
				CURRENT_PROJECT_VERSION = 1;
				DEVELOPMENT_ASSET_PATHS = "\"hazedawn/Preview Content\"";
				DEVELOPMENT_TEAM = USP5HVX3H2;
				ENABLE_PREVIEWS = YES;
				GENERATE_INFOPLIST_FILE = YES;
				INFOPLIST_FILE = "$(TARGET_NAME)/Info.plist";
				LD_RUNPATH_SEARCH_PATHS = (
					"$(inherited)",
					"@executable_path/Frameworks",
				);
				MARKETING_VERSION = 1.0;
				PRODUCT_BUNDLE_IDENTIFIER = hd.com.app.hazedawn;
				PRODUCT_NAME = "$(TARGET_NAME)";
				SUPPORTED_PLATFORMS = "xros xrsimulator";
				SWIFT_EMIT_LOC_STRINGS = YES;
				SWIFT_VERSION = 5.0;
				TARGETED_DEVICE_FAMILY = "1,2,7";
			};
			name = Release;
		};
		6B9098502B82CD8E005E0023 /* Debug */ = {
			isa = XCBuildConfiguration;
			buildSettings = {
				ALWAYS_EMBED_SWIFT_STANDARD_LIBRARIES = YES;
				BUNDLE_LOADER = "$(TEST_HOST)";
				CODE_SIGN_STYLE = Automatic;
				CURRENT_PROJECT_VERSION = 1;
				DEVELOPMENT_TEAM = USP5HVX3H2;
				GENERATE_INFOPLIST_FILE = YES;
				MARKETING_VERSION = 1.0;
				PRODUCT_BUNDLE_IDENTIFIER = hd.com.app.hazedawnTests;
				PRODUCT_NAME = "$(TARGET_NAME)";
				SUPPORTED_PLATFORMS = "xros xrsimulator";
				SWIFT_EMIT_LOC_STRINGS = NO;
				SWIFT_VERSION = 5.0;
				TARGETED_DEVICE_FAMILY = "1,2,7";
				TEST_HOST = "$(BUILT_PRODUCTS_DIR)/hazedawn.app/$(BUNDLE_EXECUTABLE_FOLDER_PATH)/hazedawn";
				XROS_DEPLOYMENT_TARGET = 1.0;
			};
			name = Debug;
		};
		6B9098512B82CD8E005E0023 /* Release */ = {
			isa = XCBuildConfiguration;
			buildSettings = {
				ALWAYS_EMBED_SWIFT_STANDARD_LIBRARIES = YES;
				BUNDLE_LOADER = "$(TEST_HOST)";
				CODE_SIGN_STYLE = Automatic;
				CURRENT_PROJECT_VERSION = 1;
				DEVELOPMENT_TEAM = USP5HVX3H2;
				GENERATE_INFOPLIST_FILE = YES;
				MARKETING_VERSION = 1.0;
				PRODUCT_BUNDLE_IDENTIFIER = hd.com.app.hazedawnTests;
				PRODUCT_NAME = "$(TARGET_NAME)";
				SUPPORTED_PLATFORMS = "xros xrsimulator";
				SWIFT_EMIT_LOC_STRINGS = NO;
				SWIFT_VERSION = 5.0;
				TARGETED_DEVICE_FAMILY = "1,2,7";
				TEST_HOST = "$(BUILT_PRODUCTS_DIR)/hazedawn.app/$(BUNDLE_EXECUTABLE_FOLDER_PATH)/hazedawn";
				XROS_DEPLOYMENT_TARGET = 1.0;
			};
			name = Release;
		};
/* End XCBuildConfiguration section */

/* Begin XCConfigurationList section */
		6B9098262B82CD8D005E0023 /* Build configuration list for PBXProject "hazedawn" */ = {
			isa = XCConfigurationList;
			buildConfigurations = (
				6B90984A2B82CD8E005E0023 /* Debug */,
				6B90984B2B82CD8E005E0023 /* Release */,
			);
			defaultConfigurationIsVisible = 0;
			defaultConfigurationName = Release;
		};
		6B90984C2B82CD8E005E0023 /* Build configuration list for PBXNativeTarget "hazedawn" */ = {
			isa = XCConfigurationList;
			buildConfigurations = (
				6B90984D2B82CD8E005E0023 /* Debug */,
				6B90984E2B82CD8E005E0023 /* Release */,
			);
			defaultConfigurationIsVisible = 0;
			defaultConfigurationName = Release;
		};
		6B90984F2B82CD8E005E0023 /* Build configuration list for PBXNativeTarget "hazedawnTests" */ = {
			isa = XCConfigurationList;
			buildConfigurations = (
				6B9098502B82CD8E005E0023 /* Debug */,
				6B9098512B82CD8E005E0023 /* Release */,
			);
			defaultConfigurationIsVisible = 0;
			defaultConfigurationName = Release;
		};
/* End XCConfigurationList section */

/* Begin XCSwiftPackageProductDependency section */
		6B9098302B82CD8D005E0023 /* RealityKitContent */ = {
			isa = XCSwiftPackageProductDependency;
			productName = RealityKitContent;
		};
/* End XCSwiftPackageProductDependency section */
	};
	rootObject = 6B9098232B82CD8D005E0023 /* Project object */;
}
